
Microsoft Visual Studio Solution File, Format Version 12.00
# Visual Studio Version 17
VisualStudioVersion = 17.6.33815.320
MinimumVisualStudioVersion = 10.0.40219.1
Project("{FAE04EC0-301F-11D3-BF4B-00C04F79EFBC}") = "BlazorServerApp", "BlazorServerApp.csproj", "{EAFFC5DB-5171-46AF-841B-F7DB8DC85D5A}"
EndProject
Global
	GlobalSection(SolutionConfigurationPlatforms) = preSolution
		Debug|Any CPU = Debug|Any CPU
		Release|Any CPU = Release|Any CPU
	EndGlobalSection
	GlobalSection(ProjectConfigurationPlatforms) = postSolution
		{EAFFC5DB-5171-46AF-841B-F7DB8DC85D5A}.Debug|Any CPU.ActiveCfg = Debug|Any CPU
		{EAFFC5DB-5171-46AF-841B-F7DB8DC85D5A}.Debug|Any CPU.Build.0 = Debug|Any CPU
		{EAFFC5DB-5171-46AF-841B-F7DB8DC85D5A}.Release|Any CPU.ActiveCfg = Release|Any CPU
		{EAFFC5DB-5171-46AF-841B-F7DB8DC85D5A}.Release|Any CPU.Build.0 = Release|Any CPU
	EndGlobalSection
	GlobalSection(SolutionProperties) = preSolution
		HideSolutionNode = FALSE
	EndGlobalSection
	GlobalSection(ExtensibilityGlobals) = postSolution
		SolutionGuid = {6255E1D2-93E3-4C32-BC6D-2B20B0E465B5}
	EndGlobalSection
EndGlobal
